
Microsoft Visual Studio Solution File, Format Version 12.00
Project("{FAE04EC0-301F-11D3-BF4B-00C04F79EFBC}") = "Persistence", "Persistence\Persistence.csproj", "{BA9AD018-42AA-40FA-962F-6ADCAEFED7BB}"
EndProject
Project("{FAE04EC0-301F-11D3-BF4B-00C04F79EFBC}") = "DriveSync", "DriveSync\DriveSync.csproj", "{3D544E65-58DB-4DEA-B1BE-E700448967A2}"
EndProject
Project("{FAE04EC0-301F-11D3-BF4B-00C04F79EFBC}") = "KassaDG", "KassaDG\KassaDG.csproj", "{2147C6AE-DC9C-44C0-A1D2-0F348863C15C}"
EndProject
Global
	GlobalSection(SolutionConfigurationPlatforms) = preSolution
		Debug|Any CPU = Debug|Any CPU
		Release|Any CPU = Release|Any CPU
	EndGlobalSection
	GlobalSection(ProjectConfigurationPlatforms) = postSolution
		{BA9AD018-42AA-40FA-962F-6ADCAEFED7BB}.Debug|Any CPU.ActiveCfg = Debug|Any CPU
		{BA9AD018-42AA-40FA-962F-6ADCAEFED7BB}.Debug|Any CPU.Build.0 = Debug|Any CPU
		{BA9AD018-42AA-40FA-962F-6ADCAEFED7BB}.Release|Any CPU.ActiveCfg = Release|Any CPU
		{BA9AD018-42AA-40FA-962F-6ADCAEFED7BB}.Release|Any CPU.Build.0 = Release|Any CPU
		{3D544E65-58DB-4DEA-B1BE-E700448967A2}.Debug|Any CPU.ActiveCfg = Debug|Any CPU
		{3D544E65-58DB-4DEA-B1BE-E700448967A2}.Debug|Any CPU.Build.0 = Debug|Any CPU
		{3D544E65-58DB-4DEA-B1BE-E700448967A2}.Release|Any CPU.ActiveCfg = Release|Any CPU
		{3D544E65-58DB-4DEA-B1BE-E700448967A2}.Release|Any CPU.Build.0 = Release|Any CPU
		{2147C6AE-DC9C-44C0-A1D2-0F348863C15C}.Debug|Any CPU.ActiveCfg = Debug|Any CPU
		{2147C6AE-DC9C-44C0-A1D2-0F348863C15C}.Debug|Any CPU.Build.0 = Debug|Any CPU
		{2147C6AE-DC9C-44C0-A1D2-0F348863C15C}.Release|Any CPU.ActiveCfg = Release|Any CPU
		{2147C6AE-DC9C-44C0-A1D2-0F348863C15C}.Release|Any CPU.Build.0 = Release|Any CPU
	EndGlobalSection
EndGlobal
