
Microsoft Visual Studio Solution File, Format Version 12.00
Project("{FAE04EC0-301F-11D3-BF4B-00C04F79EFBC}") = "KassaDG", "KassaDG\KassaDG.csproj", "{09293CE1-4D65-4726-B549-3EA76F5A9DC3}"
EndProject
Project("{FAE04EC0-301F-11D3-BF4B-00C04F79EFBC}") = "Persistence", "Persistence\Persistence.csproj", "{120CD41F-4822-4666-BDD8-BC5B456F309C}"
EndProject
Global
	GlobalSection(SolutionConfigurationPlatforms) = preSolution
		Debug|Any CPU = Debug|Any CPU
		Release|Any CPU = Release|Any CPU
	EndGlobalSection
	GlobalSection(ProjectConfigurationPlatforms) = postSolution
		{09293CE1-4D65-4726-B549-3EA76F5A9DC3}.Debug|Any CPU.ActiveCfg = Debug|Any CPU
		{09293CE1-4D65-4726-B549-3EA76F5A9DC3}.Debug|Any CPU.Build.0 = Debug|Any CPU
		{09293CE1-4D65-4726-B549-3EA76F5A9DC3}.Release|Any CPU.ActiveCfg = Release|Any CPU
		{09293CE1-4D65-4726-B549-3EA76F5A9DC3}.Release|Any CPU.Build.0 = Release|Any CPU
		{120CD41F-4822-4666-BDD8-BC5B456F309C}.Debug|Any CPU.ActiveCfg = Debug|Any CPU
		{120CD41F-4822-4666-BDD8-BC5B456F309C}.Debug|Any CPU.Build.0 = Debug|Any CPU
		{120CD41F-4822-4666-BDD8-BC5B456F309C}.Release|Any CPU.ActiveCfg = Release|Any CPU
		{120CD41F-4822-4666-BDD8-BC5B456F309C}.Release|Any CPU.Build.0 = Release|Any CPU
	EndGlobalSection
EndGlobal
